
Microsoft Visual Studio Solution File, Format Version 12.00
# Visual Studio 2013
VisualStudioVersion = 12.0.30110.0
MinimumVisualStudioVersion = 10.0.40219.1
Project("{FAE04EC0-301F-11D3-BF4B-00C04F79EFBC}") = "Kanae.Web", "Kanae.Web\Kanae.Web.csproj", "{501FBE39-4A80-4881-B679-77DDB34598A0}"
EndProject
Project("{FAE04EC0-301F-11D3-BF4B-00C04F79EFBC}") = "Kanae.Core", "Kanae.Core\Kanae.Core.csproj", "{C0DA24FE-723C-4B6E-AB3B-C0F69384649B}"
EndProject
Project("{FAE04EC0-301F-11D3-BF4B-00C04F79EFBC}") = "Kanae.Migration", "Kanae.Migration\Kanae.Migration.csproj", "{CF1083E0-0535-4DF6-88A0-540FCE95A820}"
EndProject
Global
	GlobalSection(SolutionConfigurationPlatforms) = preSolution
		Debug|Any CPU = Debug|Any CPU
		Release|Any CPU = Release|Any CPU
	EndGlobalSection
	GlobalSection(ProjectConfigurationPlatforms) = postSolution
		{501FBE39-4A80-4881-B679-77DDB34598A0}.Debug|Any CPU.ActiveCfg = Debug|Any CPU
		{501FBE39-4A80-4881-B679-77DDB34598A0}.Debug|Any CPU.Build.0 = Debug|Any CPU
		{501FBE39-4A80-4881-B679-77DDB34598A0}.Release|Any CPU.ActiveCfg = Release|Any CPU
		{501FBE39-4A80-4881-B679-77DDB34598A0}.Release|Any CPU.Build.0 = Release|Any CPU
		{C0DA24FE-723C-4B6E-AB3B-C0F69384649B}.Debug|Any CPU.ActiveCfg = Debug|Any CPU
		{C0DA24FE-723C-4B6E-AB3B-C0F69384649B}.Debug|Any CPU.Build.0 = Debug|Any CPU
		{C0DA24FE-723C-4B6E-AB3B-C0F69384649B}.Release|Any CPU.ActiveCfg = Release|Any CPU
		{C0DA24FE-723C-4B6E-AB3B-C0F69384649B}.Release|Any CPU.Build.0 = Release|Any CPU
		{CF1083E0-0535-4DF6-88A0-540FCE95A820}.Debug|Any CPU.ActiveCfg = Debug|Any CPU
		{CF1083E0-0535-4DF6-88A0-540FCE95A820}.Debug|Any CPU.Build.0 = Debug|Any CPU
		{CF1083E0-0535-4DF6-88A0-540FCE95A820}.Release|Any CPU.ActiveCfg = Release|Any CPU
		{CF1083E0-0535-4DF6-88A0-540FCE95A820}.Release|Any CPU.Build.0 = Release|Any CPU
	EndGlobalSection
	GlobalSection(SolutionProperties) = preSolution
		HideSolutionNode = FALSE
	EndGlobalSection
EndGlobal
